
Microsoft Visual Studio Solution File, Format Version 12.00
# Visual Studio Version 17
VisualStudioVersion = 17.7.34031.279
MinimumVisualStudioVersion = 10.0.40219.1
Project("{8BC9CEB8-8B4A-11D0-8D11-00A0C91BC942}") = "Lab_05.5", "Lab_05.5\Lab_05.5.vcxproj", "{21E51F31-7947-42AA-B08D-87F70EE12076}"
EndProject
Project("{8BC9CEB8-8B4A-11D0-8D11-00A0C91BC942}") = "UnitTest05.5", "UnitTest05.5\UnitTest05.5.vcxproj", "{FBD46749-D6DE-433D-ABF8-6878342DE085}"
EndProject
Global
	GlobalSection(SolutionConfigurationPlatforms) = preSolution
		Debug|x64 = Debug|x64
		Debug|x86 = Debug|x86
		Release|x64 = Release|x64
		Release|x86 = Release|x86
	EndGlobalSection
	GlobalSection(ProjectConfigurationPlatforms) = postSolution
		{21E51F31-7947-42AA-B08D-87F70EE12076}.Debug|x64.ActiveCfg = Debug|x64
		{21E51F31-7947-42AA-B08D-87F70EE12076}.Debug|x64.Build.0 = Debug|x64
		{21E51F31-7947-42AA-B08D-87F70EE12076}.Debug|x86.ActiveCfg = Debug|Win32
		{21E51F31-7947-42AA-B08D-87F70EE12076}.Debug|x86.Build.0 = Debug|Win32
		{21E51F31-7947-42AA-B08D-87F70EE12076}.Release|x64.ActiveCfg = Release|x64
		{21E51F31-7947-42AA-B08D-87F70EE12076}.Release|x64.Build.0 = Release|x64
		{21E51F31-7947-42AA-B08D-87F70EE12076}.Release|x86.ActiveCfg = Release|Win32
		{21E51F31-7947-42AA-B08D-87F70EE12076}.Release|x86.Build.0 = Release|Win32
		{FBD46749-D6DE-433D-ABF8-6878342DE085}.Debug|x64.ActiveCfg = Debug|x64
		{FBD46749-D6DE-433D-ABF8-6878342DE085}.Debug|x64.Build.0 = Debug|x64
		{FBD46749-D6DE-433D-ABF8-6878342DE085}.Debug|x86.ActiveCfg = Debug|Win32
		{FBD46749-D6DE-433D-ABF8-6878342DE085}.Debug|x86.Build.0 = Debug|Win32
		{FBD46749-D6DE-433D-ABF8-6878342DE085}.Release|x64.ActiveCfg = Release|x64
		{FBD46749-D6DE-433D-ABF8-6878342DE085}.Release|x64.Build.0 = Release|x64
		{FBD46749-D6DE-433D-ABF8-6878342DE085}.Release|x86.ActiveCfg = Release|Win32
		{FBD46749-D6DE-433D-ABF8-6878342DE085}.Release|x86.Build.0 = Release|Win32
	EndGlobalSection
	GlobalSection(SolutionProperties) = preSolution
		HideSolutionNode = FALSE
	EndGlobalSection
	GlobalSection(ExtensibilityGlobals) = postSolution
		SolutionGuid = {07A92D18-E989-4A43-B00F-111C0FA32EB8}
	EndGlobalSection
EndGlobal
